
Microsoft Visual Studio Solution File, Format Version 12.00
# Visual Studio 15
VisualStudioVersion = 15.0.27004.2002
MinimumVisualStudioVersion = 10.0.40219.1
Project("{FAE04EC0-301F-11D3-BF4B-00C04F79EFBC}") = "RSSReader", "RSSReader\RSSReader.csproj", "{4B8CC782-E9D1-4CD7-B7D4-C25A42180DD4}"
EndProject
Project("{FAE04EC0-301F-11D3-BF4B-00C04F79EFBC}") = "DataHandler", "DataHandler\DataHandler.csproj", "{7017AFB2-34AF-43F8-BC81-68F04DBF4163}"
EndProject
Project("{FAE04EC0-301F-11D3-BF4B-00C04F79EFBC}") = "Validator", "Validator\Validator.csproj", "{16C68AAD-0B19-4F8A-8FA5-A7E13884FF27}"
EndProject
Project("{FAE04EC0-301F-11D3-BF4B-00C04F79EFBC}") = "Testing", "Testing\Testing.csproj", "{4D51E6B5-C712-411A-BCC8-0A9E298A9880}"
EndProject
Global
	GlobalSection(SolutionConfigurationPlatforms) = preSolution
		Debug|Any CPU = Debug|Any CPU
		Release|Any CPU = Release|Any CPU
	EndGlobalSection
	GlobalSection(ProjectConfigurationPlatforms) = postSolution
		{4B8CC782-E9D1-4CD7-B7D4-C25A42180DD4}.Debug|Any CPU.ActiveCfg = Debug|Any CPU
		{4B8CC782-E9D1-4CD7-B7D4-C25A42180DD4}.Debug|Any CPU.Build.0 = Debug|Any CPU
		{4B8CC782-E9D1-4CD7-B7D4-C25A42180DD4}.Release|Any CPU.ActiveCfg = Release|Any CPU
		{4B8CC782-E9D1-4CD7-B7D4-C25A42180DD4}.Release|Any CPU.Build.0 = Release|Any CPU
		{7017AFB2-34AF-43F8-BC81-68F04DBF4163}.Debug|Any CPU.ActiveCfg = Debug|Any CPU
		{7017AFB2-34AF-43F8-BC81-68F04DBF4163}.Debug|Any CPU.Build.0 = Debug|Any CPU
		{7017AFB2-34AF-43F8-BC81-68F04DBF4163}.Release|Any CPU.ActiveCfg = Release|Any CPU
		{7017AFB2-34AF-43F8-BC81-68F04DBF4163}.Release|Any CPU.Build.0 = Release|Any CPU
		{16C68AAD-0B19-4F8A-8FA5-A7E13884FF27}.Debug|Any CPU.ActiveCfg = Debug|Any CPU
		{16C68AAD-0B19-4F8A-8FA5-A7E13884FF27}.Debug|Any CPU.Build.0 = Debug|Any CPU
		{16C68AAD-0B19-4F8A-8FA5-A7E13884FF27}.Release|Any CPU.ActiveCfg = Release|Any CPU
		{16C68AAD-0B19-4F8A-8FA5-A7E13884FF27}.Release|Any CPU.Build.0 = Release|Any CPU
		{4D51E6B5-C712-411A-BCC8-0A9E298A9880}.Debug|Any CPU.ActiveCfg = Debug|Any CPU
		{4D51E6B5-C712-411A-BCC8-0A9E298A9880}.Debug|Any CPU.Build.0 = Debug|Any CPU
		{4D51E6B5-C712-411A-BCC8-0A9E298A9880}.Release|Any CPU.ActiveCfg = Release|Any CPU
		{4D51E6B5-C712-411A-BCC8-0A9E298A9880}.Release|Any CPU.Build.0 = Release|Any CPU
	EndGlobalSection
	GlobalSection(SolutionProperties) = preSolution
		HideSolutionNode = FALSE
	EndGlobalSection
	GlobalSection(ExtensibilityGlobals) = postSolution
		SolutionGuid = {C0CAC43B-44DB-4113-B17D-08FE1867C9E8}
	EndGlobalSection
EndGlobal
